
Microsoft Visual Studio Solution File, Format Version 12.00
# Visual Studio Version 17
VisualStudioVersion = 17.14.36025.13 d17.14
MinimumVisualStudioVersion = 10.0.40219.1
Project("{FAE04EC0-301F-11D3-BF4B-00C04F79EFBC}") = "MatematikaLibraries", "MatematikaLibraries\MatematikaLibraries.csproj", "{54875397-BC65-4D13-B333-1EEE550D279E}"
EndProject
Project("{FAE04EC0-301F-11D3-BF4B-00C04F79EFBC}") = "ConsoleMatematika", "ConsoleMatematika\ConsoleMatematika.csproj", "{D2312BF8-D644-4676-98ED-1F9369B98716}"
EndProject
Global
	GlobalSection(SolutionConfigurationPlatforms) = preSolution
		Debug|Any CPU = Debug|Any CPU
		Release|Any CPU = Release|Any CPU
	EndGlobalSection
	GlobalSection(ProjectConfigurationPlatforms) = postSolution
		{54875397-BC65-4D13-B333-1EEE550D279E}.Debug|Any CPU.ActiveCfg = Debug|Any CPU
		{54875397-BC65-4D13-B333-1EEE550D279E}.Debug|Any CPU.Build.0 = Debug|Any CPU
		{54875397-BC65-4D13-B333-1EEE550D279E}.Release|Any CPU.ActiveCfg = Release|Any CPU
		{54875397-BC65-4D13-B333-1EEE550D279E}.Release|Any CPU.Build.0 = Release|Any CPU
		{D2312BF8-D644-4676-98ED-1F9369B98716}.Debug|Any CPU.ActiveCfg = Debug|Any CPU
		{D2312BF8-D644-4676-98ED-1F9369B98716}.Debug|Any CPU.Build.0 = Debug|Any CPU
		{D2312BF8-D644-4676-98ED-1F9369B98716}.Release|Any CPU.ActiveCfg = Release|Any CPU
		{D2312BF8-D644-4676-98ED-1F9369B98716}.Release|Any CPU.Build.0 = Release|Any CPU
	EndGlobalSection
	GlobalSection(SolutionProperties) = preSolution
		HideSolutionNode = FALSE
	EndGlobalSection
	GlobalSection(ExtensibilityGlobals) = postSolution
		SolutionGuid = {2BB38086-BB17-4658-AABF-70B20F929925}
	EndGlobalSection
EndGlobal
