
Microsoft Visual Studio Solution File, Format Version 12.00
# Visual Studio Version 17
VisualStudioVersion = 17.14.36025.13 d17.14
MinimumVisualStudioVersion = 10.0.40219.1
Project("{FAE04EC0-301F-11D3-BF4B-00C04F79EFBC}") = "tpmodul8_2311104037", "tpmodul8_2311104037.csproj", "{C18D818E-60EC-4EFB-BEB2-2C69202837FD}"
EndProject
Project("{FAE04EC0-301F-11D3-BF4B-00C04F79EFBC}") = "mod9_2311104037", "..\mod9_2311104037\mod9_2311104037.csproj", "{59AA620A-A08F-4941-B67C-DF6EAC095CB0}"
EndProject
Global
	GlobalSection(SolutionConfigurationPlatforms) = preSolution
		Debug|Any CPU = Debug|Any CPU
		Release|Any CPU = Release|Any CPU
	EndGlobalSection
	GlobalSection(ProjectConfigurationPlatforms) = postSolution
		{C18D818E-60EC-4EFB-BEB2-2C69202837FD}.Debug|Any CPU.ActiveCfg = Debug|Any CPU
		{C18D818E-60EC-4EFB-BEB2-2C69202837FD}.Debug|Any CPU.Build.0 = Debug|Any CPU
		{C18D818E-60EC-4EFB-BEB2-2C69202837FD}.Release|Any CPU.ActiveCfg = Release|Any CPU
		{C18D818E-60EC-4EFB-BEB2-2C69202837FD}.Release|Any CPU.Build.0 = Release|Any CPU
		{59AA620A-A08F-4941-B67C-DF6EAC095CB0}.Debug|Any CPU.ActiveCfg = Debug|Any CPU
		{59AA620A-A08F-4941-B67C-DF6EAC095CB0}.Debug|Any CPU.Build.0 = Debug|Any CPU
		{59AA620A-A08F-4941-B67C-DF6EAC095CB0}.Release|Any CPU.ActiveCfg = Release|Any CPU
		{59AA620A-A08F-4941-B67C-DF6EAC095CB0}.Release|Any CPU.Build.0 = Release|Any CPU
	EndGlobalSection
	GlobalSection(SolutionProperties) = preSolution
		HideSolutionNode = FALSE
	EndGlobalSection
	GlobalSection(ExtensibilityGlobals) = postSolution
		SolutionGuid = {1D3337BD-96F4-4850-93F5-732F5C4329E1}
	EndGlobalSection
EndGlobal
