
Microsoft Visual Studio Solution File, Format Version 12.00
# Visual Studio Version 17
VisualStudioVersion = 17.14.36025.13 d17.14
MinimumVisualStudioVersion = 10.0.40219.1
Project("{FAE04EC0-301F-11D3-BF4B-00C04F79EFBC}") = "tpmodul9_2311104037", "tpmodul9_2311104037.csproj", "{963BE06E-A00B-4E30-B6CC-22E40085DF7C}"
EndProject
Global
	GlobalSection(SolutionConfigurationPlatforms) = preSolution
		Debug|Any CPU = Debug|Any CPU
		Release|Any CPU = Release|Any CPU
	EndGlobalSection
	GlobalSection(ProjectConfigurationPlatforms) = postSolution
		{963BE06E-A00B-4E30-B6CC-22E40085DF7C}.Debug|Any CPU.ActiveCfg = Debug|Any CPU
		{963BE06E-A00B-4E30-B6CC-22E40085DF7C}.Debug|Any CPU.Build.0 = Debug|Any CPU
		{963BE06E-A00B-4E30-B6CC-22E40085DF7C}.Release|Any CPU.ActiveCfg = Release|Any CPU
		{963BE06E-A00B-4E30-B6CC-22E40085DF7C}.Release|Any CPU.Build.0 = Release|Any CPU
	EndGlobalSection
	GlobalSection(SolutionProperties) = preSolution
		HideSolutionNode = FALSE
	EndGlobalSection
	GlobalSection(ExtensibilityGlobals) = postSolution
		SolutionGuid = {38F1678A-1229-4CB1-A1BA-E1EDA2DDADF7}
	EndGlobalSection
EndGlobal
