
Microsoft Visual Studio Solution File, Format Version 12.00
# Visual Studio Version 17
VisualStudioVersion = 17.14.36025.13 d17.14
MinimumVisualStudioVersion = 10.0.40219.1
Project("{FAE04EC0-301F-11D3-BF4B-00C04F79EFBC}") = "modul12_3_2311104037", "modul12_3_2311104037.csproj", "{92486453-BC36-4586-8E25-505A4C3B6D6E}"
EndProject
Project("{FAE04EC0-301F-11D3-BF4B-00C04F79EFBC}") = "modul12_3_2311104037.UnitTests", "..\modul12_3_2311104037.UnitTests\modul12_3_2311104037.UnitTests.csproj", "{F4C4C74F-F8DD-40B1-B0E7-26AEC179A14E}"
EndProject
Global
	GlobalSection(SolutionConfigurationPlatforms) = preSolution
		Debug|Any CPU = Debug|Any CPU
		Release|Any CPU = Release|Any CPU
	EndGlobalSection
	GlobalSection(ProjectConfigurationPlatforms) = postSolution
		{92486453-BC36-4586-8E25-505A4C3B6D6E}.Debug|Any CPU.ActiveCfg = Debug|Any CPU
		{92486453-BC36-4586-8E25-505A4C3B6D6E}.Debug|Any CPU.Build.0 = Debug|Any CPU
		{92486453-BC36-4586-8E25-505A4C3B6D6E}.Release|Any CPU.ActiveCfg = Release|Any CPU
		{92486453-BC36-4586-8E25-505A4C3B6D6E}.Release|Any CPU.Build.0 = Release|Any CPU
		{F4C4C74F-F8DD-40B1-B0E7-26AEC179A14E}.Debug|Any CPU.ActiveCfg = Debug|Any CPU
		{F4C4C74F-F8DD-40B1-B0E7-26AEC179A14E}.Debug|Any CPU.Build.0 = Debug|Any CPU
		{F4C4C74F-F8DD-40B1-B0E7-26AEC179A14E}.Release|Any CPU.ActiveCfg = Release|Any CPU
		{F4C4C74F-F8DD-40B1-B0E7-26AEC179A14E}.Release|Any CPU.Build.0 = Release|Any CPU
	EndGlobalSection
	GlobalSection(SolutionProperties) = preSolution
		HideSolutionNode = FALSE
	EndGlobalSection
	GlobalSection(ExtensibilityGlobals) = postSolution
		SolutionGuid = {C1B27D5E-72E4-489F-A5C0-1F0FF6E5A5A8}
	EndGlobalSection
EndGlobal
